
Microsoft Visual Studio Solution File, Format Version 12.00
# Visual Studio 14
VisualStudioVersion = 14.0.25420.1
MinimumVisualStudioVersion = 10.0.40219.1
Project("{FAE04EC0-301F-11D3-BF4B-00C04F79EFBC}") = "Portfolio", "Portfolio\Portfolio.csproj", "{995D3892-681C-4DDD-8788-29A46317A623}"
EndProject
Project("{FAE04EC0-301F-11D3-BF4B-00C04F79EFBC}") = "PortfolioTests", "PortfolioTests\PortfolioTests.csproj", "{1CB56F9B-5510-4F2C-A259-54E478CCA49D}"
EndProject
Project("{CC5FD16D-436D-48AD-A40C-5A424C6E3E79}") = "Portfolio.Azure", "Portfolio.Azure\Portfolio.Azure.ccproj", "{546EB559-48AF-4F79-AE4E-01BDB5C30A67}"
EndProject
Global
	GlobalSection(SolutionConfigurationPlatforms) = preSolution
		Debug|Any CPU = Debug|Any CPU
		Release|Any CPU = Release|Any CPU
	EndGlobalSection
	GlobalSection(ProjectConfigurationPlatforms) = postSolution
		{995D3892-681C-4DDD-8788-29A46317A623}.Debug|Any CPU.ActiveCfg = Debug|Any CPU
		{995D3892-681C-4DDD-8788-29A46317A623}.Debug|Any CPU.Build.0 = Debug|Any CPU
		{995D3892-681C-4DDD-8788-29A46317A623}.Release|Any CPU.ActiveCfg = Release|Any CPU
		{995D3892-681C-4DDD-8788-29A46317A623}.Release|Any CPU.Build.0 = Release|Any CPU
		{1CB56F9B-5510-4F2C-A259-54E478CCA49D}.Debug|Any CPU.ActiveCfg = Debug|Any CPU
		{1CB56F9B-5510-4F2C-A259-54E478CCA49D}.Debug|Any CPU.Build.0 = Debug|Any CPU
		{1CB56F9B-5510-4F2C-A259-54E478CCA49D}.Release|Any CPU.ActiveCfg = Release|Any CPU
		{1CB56F9B-5510-4F2C-A259-54E478CCA49D}.Release|Any CPU.Build.0 = Release|Any CPU
		{546EB559-48AF-4F79-AE4E-01BDB5C30A67}.Debug|Any CPU.ActiveCfg = Debug|Any CPU
		{546EB559-48AF-4F79-AE4E-01BDB5C30A67}.Debug|Any CPU.Build.0 = Debug|Any CPU
		{546EB559-48AF-4F79-AE4E-01BDB5C30A67}.Release|Any CPU.ActiveCfg = Release|Any CPU
		{546EB559-48AF-4F79-AE4E-01BDB5C30A67}.Release|Any CPU.Build.0 = Release|Any CPU
	EndGlobalSection
	GlobalSection(SolutionProperties) = preSolution
		HideSolutionNode = FALSE
	EndGlobalSection
EndGlobal
